
Microsoft Visual Studio Solution File, Format Version 12.00
# Visual Studio 14
VisualStudioVersion = 14.0.25420.1
MinimumVisualStudioVersion = 10.0.40219.1
Project("{8BC9CEB8-8B4A-11D0-8D11-00A0C91BC942}") = "minMaxDownsampleMex", "minMaxDownsampleMex\minMaxDownsampleMex.vcxproj", "{B6AAB853-0DB7-4E50-8188-A720F9C45A2F}"
EndProject
Project("{8BC9CEB8-8B4A-11D0-8D11-00A0C91BC942}") = "scaledDoubleAnalogDataFromRawMex", "scaledDoubleAnalogDataFromRawMex\scaledDoubleAnalogDataFromRawMex.vcxproj", "{48A8E120-4A03-4777-819A-2319CE70060C}"
EndProject
Project("{8BC9CEB8-8B4A-11D0-8D11-00A0C91BC942}") = "ni", "ni\ni.vcxproj", "{2DA4B2E1-3067-460E-B921-88E51A2C8CDE}"
EndProject
Global
	GlobalSection(SolutionConfigurationPlatforms) = preSolution
		Debug|x64 = Debug|x64
		Debug|x86 = Debug|x86
		Release|x64 = Release|x64
		Release|x86 = Release|x86
	EndGlobalSection
	GlobalSection(ProjectConfigurationPlatforms) = postSolution
		{B6AAB853-0DB7-4E50-8188-A720F9C45A2F}.Debug|x64.ActiveCfg = Debug|x64
		{B6AAB853-0DB7-4E50-8188-A720F9C45A2F}.Debug|x64.Build.0 = Debug|x64
		{B6AAB853-0DB7-4E50-8188-A720F9C45A2F}.Debug|x86.ActiveCfg = Debug|Win32
		{B6AAB853-0DB7-4E50-8188-A720F9C45A2F}.Debug|x86.Build.0 = Debug|Win32
		{B6AAB853-0DB7-4E50-8188-A720F9C45A2F}.Release|x64.ActiveCfg = Release|x64
		{B6AAB853-0DB7-4E50-8188-A720F9C45A2F}.Release|x64.Build.0 = Release|x64
		{B6AAB853-0DB7-4E50-8188-A720F9C45A2F}.Release|x86.ActiveCfg = Release|Win32
		{B6AAB853-0DB7-4E50-8188-A720F9C45A2F}.Release|x86.Build.0 = Release|Win32
		{48A8E120-4A03-4777-819A-2319CE70060C}.Debug|x64.ActiveCfg = Debug|x64
		{48A8E120-4A03-4777-819A-2319CE70060C}.Debug|x64.Build.0 = Debug|x64
		{48A8E120-4A03-4777-819A-2319CE70060C}.Debug|x86.ActiveCfg = Debug|Win32
		{48A8E120-4A03-4777-819A-2319CE70060C}.Debug|x86.Build.0 = Debug|Win32
		{48A8E120-4A03-4777-819A-2319CE70060C}.Release|x64.ActiveCfg = Release|x64
		{48A8E120-4A03-4777-819A-2319CE70060C}.Release|x64.Build.0 = Release|x64
		{48A8E120-4A03-4777-819A-2319CE70060C}.Release|x86.ActiveCfg = Release|Win32
		{48A8E120-4A03-4777-819A-2319CE70060C}.Release|x86.Build.0 = Release|Win32
		{2DA4B2E1-3067-460E-B921-88E51A2C8CDE}.Debug|x64.ActiveCfg = Debug|x64
		{2DA4B2E1-3067-460E-B921-88E51A2C8CDE}.Debug|x64.Build.0 = Debug|x64
		{2DA4B2E1-3067-460E-B921-88E51A2C8CDE}.Debug|x86.ActiveCfg = Debug|Win32
		{2DA4B2E1-3067-460E-B921-88E51A2C8CDE}.Debug|x86.Build.0 = Debug|Win32
		{2DA4B2E1-3067-460E-B921-88E51A2C8CDE}.Release|x64.ActiveCfg = Release|x64
		{2DA4B2E1-3067-460E-B921-88E51A2C8CDE}.Release|x64.Build.0 = Release|x64
		{2DA4B2E1-3067-460E-B921-88E51A2C8CDE}.Release|x86.ActiveCfg = Release|Win32
		{2DA4B2E1-3067-460E-B921-88E51A2C8CDE}.Release|x86.Build.0 = Release|Win32
	EndGlobalSection
	GlobalSection(SolutionProperties) = preSolution
		HideSolutionNode = FALSE
	EndGlobalSection
EndGlobal
